connectrpc.com/connect v1.18.1 h1:PAg7CjSAGvscaf6YZKUefjoih5Z/qYkyaTrBW8xvYPw=
connectrpc.com/connect v1.18.1/go.mod h1:0292hj1rnx8oFrStN7cB4jjVBeqs+Yx5yDIC2prWDO8=
connectrpc.com/cors v0.1.0 h1:f3gTXJyDZPrDIZCQ567jxfD9PAIpopHiRDnJRt3QuOQ=
connectrpc.com/cors v0.1.0/go.mod h1:v8SJZCPfHtGH1zsm+Ttajpozd4cYIUryl4dFB6QEpfg=
github.com/Azure/azure-sdk-for-go/sdk/azcore v1.17.0 h1:g0EZJwz7xkXQiZAI5xi9f3WWFYBlX1CPTrR+NDToRkQ=
github.com/Azure/azure-sdk-for-go/sdk/azcore v1.17.0/go.mod h1:XCW7KnZet0Opnr7HccfUw1PLc4CjHqpcaxW8DHklNkQ=
github.com/Azure/azure-sdk-for-go/sdk/azidentity v1.8.0 h1:B/dfvscEQtew9dVuoxqxrUKKv8Ih2f55PydknDamU+g=
github.com/Azure/azure-sdk-for-go/sdk/azidentity v1.8.0/go.mod h1:fiPSssYvltE08HJchL04dOy+RD4hgrjph0cwGGMntdI=
github.com/Azure/azure-sdk-for-go/sdk/azidentity v1.8.1 h1:1mvYtZfWQAnwNah/C+Z+Jb9rQH95LPE2vlmMuWAHJk8=
github.com/Azure/azure-sdk-for-go/sdk/azidentity v1.8.1/go.mod h1:75I/mXtme1JyWFtz8GocPHVFyH421IBoZErnO16dd0k=
github.com/Azure/azure-sdk-for-go/sdk/azidentity/cache v0.3.0 h1:+m0M/LFxN43KvULkDNfdXOgrjtg6UYJPFBJyuEcRCAw=
github.com/Azure/azure-sdk-for-go/sdk/azidentity/cache v0.3.0/go.mod h1:PwOyop78lveYMRs6oCxjiVyBdyCgIYH6XHIVZO9/SFQ=
github.com/Azure/azure-sdk-for-go/sdk/azidentity/cache v0.3.1 h1:Bk5uOhSAenHyR5P61D/NzeQCv+4fEVV8mOkJ82NqpWw=
github.com/Azure/azure-sdk-for-go/sdk/containers/azcontainerregistry v0.2.2 h1:wBx10efdJcl8FSewgc41kAW4AvHPgmJZmN7fpNxn8rc=
github.com/Azure/azure-sdk-for-go/sdk/containers/azcontainerregistry v0.2.2/go.mod h1:zzmu18cpAinSbhC86oWd47nmgbb91Fl+Yac2PE8NdYk=
github.com/Azure/azure-sdk-for-go/sdk/internal v1.10.0 h1:ywEEhmNahHBihViHepv3xPBn1663uRv2t2q/ESv9seY=
github.com/Azure/azure-sdk-for-go/sdk/internal v1.10.0/go.mod h1:iZDifYGJTIgIIkYRNWPENUnqx6bJ2xnSDFI2tjwZNuY=
github.com/Azure/azure-sdk-for-go/sdk/resourcemanager/containerregistry/armcontainerregistry v1.2.0 h1:DWlwvVV5r/Wy1561nZ3wrpI1/vDIBRY/Wd1HWaRBZWA=
github.com/Azure/azure-sdk-for-go/sdk/resourcemanager/containerregistry/armcontainerregistry v1.2.0/go.mod h1:E7ltexgRDmeJ0fJWv0D/HLwY2xbDdN+uv+X2uZtOx3w=
github.com/Azure/azure-sdk-for-go/sdk/resourcemanager/internal/v2 v2.0.0 h1:PTFGRSlMKCQelWwxUyYVEUqseBJVemLyqWJjvMyt0do=
github.com/Azure/azure-sdk-for-go/sdk/resourcemanager/internal/v2 v2.0.0/go.mod h1:LRr2FzBTQlONPPa5HREE5+RjSCTXl7BwOvYOaWTqCaI=
github.com/Azure/azure-sdk-for-go/sdk/resourcemanager/resources/armresources v1.1.1 h1:7CBQ+Ei8SP2c6ydQTGCCrS35bDxgTMfoP2miAwK++OU=
github.com/Azure/azure-sdk-for-go/sdk/resourcemanager/resources/armresources v1.1.1/go.mod h1:c/wcGeGx5FUPbM/JltUYHZcKmigwyVLJlDq+4HdtXaw=
github.com/Azure/azure-sdk-for-go/sdk/resourcemanager/storage/armstorage v1.6.0 h1:PiSrjRPpkQNjrM8H0WwKMnZUdu1RGMtd/LdGKUrOo+c=
github.com/Azure/azure-sdk-for-go/sdk/resourcemanager/storage/armstorage v1.6.0/go.mod h1:oDrbWx4ewMylP7xHivfgixbfGBT6APAwsSoHRKotnIc=
github.com/Azure/azure-sdk-for-go/sdk/security/keyvault/azkeys v1.0.1 h1:MyVTgWR8qd/Jw1Le0NZebGBUCLbtak3bJ3z1OlqZBpw=
github.com/Azure/azure-sdk-for-go/sdk/security/keyvault/azkeys v1.0.1/go.mod h1:GpPjLhVR9dnUoJMyHWSPy71xY9/lcmpzIPZXmF0FCVY=
github.com/Azure/azure-sdk-for-go/sdk/security/keyvault/internal v1.0.0 h1:D3occbWoio4EBLkbkevetNMAVX197GkzbUMtqjGWn80=
github.com/Azure/azure-sdk-for-go/sdk/security/keyvault/internal v1.0.0/go.mod h1:bTSOgj05NGRuHHhQwAdPnYr9TOdNmKlZTgGLL6nyAdI=
github.com/Azure/azure-sdk-for-go/sdk/storage/azblob v1.6.0 h1:UXT0o77lXQrikd1kgwIPQOUect7EoR/+sbP4wQKdzxM=
github.com/Azure/azure-sdk-for-go/sdk/storage/azblob v1.6.0/go.mod h1:cTvi54pg19DoT07ekoeMgE/taAwNtCShVeZqA+Iv2xI=
github.com/Azure/azure-sdk-for-go/sdk/storage/azdatalake v1.4.0 h1:FVP7qKI1g9rcEgnxiDRmOzvI2l4ydNIYSRR/qMMFQdQ=
github.com/Azure/azure-sdk-for-go/sdk/storage/azdatalake v1.4.0/go.mod h1:KkcFZGL0F/6ooKPl8Ub1EPtGOCVXBayeWuJ1IQomreA=
github.com/AzureAD/microsoft-authentication-extensions-for-go/cache v0.1.1 h1:WJTmL004Abzc5wDB5VtZG2PJk5ndYDgVacGqfirKxjM=
github.com/AzureAD/microsoft-authentication-extensions-for-go/cache v0.1.1/go.mod h1:tCcJZ0uHAmvjsVYzEFivsRTN00oz5BEsRgQHu5JZ9WE=
github.com/AzureAD/microsoft-authentication-library-for-go v1.3.2 h1:kYRSnvJju5gYVyhkij+RTJ/VR6QIUaCfWeaFm2ycsjQ=
github.com/AzureAD/microsoft-authentication-library-for-go v1.3.2/go.mod h1:wP83P5OoQ5p6ip3ScPr0BAq0BvuPAvacpEuSzyouqAI=
github.com/apache/arrow-go/v18 v18.1.0 h1:agLwJUiVuwXZdwPYVrlITfx7bndULJ/dggbnLFgDp/Y=
github.com/apache/arrow-go/v18 v18.1.0/go.mod h1:tigU/sIgKNXaesf5d7Y95jBBKS5KsxTqYBKXFsvKzo0=
github.com/cespare/xxhash/v2 v2.3.0 h1:UL815xU9SqsFlibzuggzjXhog7bL6oX9BbNZnL2UFvs=
github.com/cespare/xxhash/v2 v2.3.0/go.mod h1:VGX0DQ3Q6kWi7AoAeZDth3/j3BFtOZR5XLFGgcrjCOs=
github.com/cjlapao/common-go v0.0.39 h1:bAAUrj2B9v0kMzbAOhzjSmiyDy+rd56r2sy7oEiQLlA=
github.com/cjlapao/common-go v0.0.39/go.mod h1:M3dzazLjTjEtZJbbxoA5ZDiGCiHmpwqW9l4UWaddwOA=
github.com/davecgh/go-spew v1.1.0/go.mod h1:J7Y8YcW2NihsgmVo/mv3lAwl/skON4iLHjSsI+c5H38=
github.com/davecgh/go-spew v1.1.1 h1:vj9j/u1bqnvCEfJOwUhtlOARqs3+rkHYY13jYWTU97c=
github.com/davecgh/go-spew v1.1.1/go.mod h1:J7Y8YcW2NihsgmVo/mv3lAwl/skON4iLHjSsI+c5H38=
github.com/dgryski/go-rendezvous v0.0.0-20200823014737-9f7001d12a5f h1:lO4WD4F/rVNCu3HqELle0jiPLLBs70cWOduZpkS1E78=
github.com/dgryski/go-rendezvous v0.0.0-20200823014737-9f7001d12a5f/go.mod h1:cuUVRXasLTGF7a8hSLbxyZXjz+1KgoB3wDUb6vlszIc=
github.com/duckdb/duckdb-go-bindings v0.1.9 h1:Z0Gg87EEwNL8UI6Qtahwqx4XsTkzzAStBMTcSx92+k4=
github.com/duckdb/duckdb-go-bindings v0.1.9/go.mod h1:2974mq5pdEY7h3I9Dcn5Lxtp8IQ8PfCvdgURP7GhvdM=
github.com/duckdb/duckdb-go-bindings/darwin-amd64 v0.1.4 h1:CRKvXJeEFEMdpdbanjDmXzMiGMod861UMfKC+jSRlkc=
github.com/duckdb/duckdb-go-bindings/darwin-amd64 v0.1.4/go.mod h1:Kf+iEUT+cmKJhPlVkEN9iPc0mZlVIQRYJvWJTjJepNk=
github.com/duckdb/duckdb-go-bindings/darwin-arm64 v0.1.4 h1:A8BiUJIHrHRgfB2g1kKzb7bLJEZSS6jXdtfF4J1LFC0=
github.com/duckdb/duckdb-go-bindings/darwin-arm64 v0.1.4/go.mod h1:iAcLenHU4dx2o7sWAKuQNy9xakHuqWAPgt91ICR+upY=
github.com/duckdb/duckdb-go-bindings/linux-amd64 v0.1.4 h1:I349H94uNJrLuIq+VOhOb/l1xp6kb44bBBY6K+5CSIY=
github.com/duckdb/duckdb-go-bindings/linux-amd64 v0.1.4/go.mod h1:Iy5Mmp9SpcV8INLEMsBC4E286fsJqNbU8fVZPhLXN/Y=
github.com/duckdb/duckdb-go-bindings/linux-arm64 v0.1.4 h1:kE2Ip96QOl3EUvbw7fT/h6yeB6Xx09WxCUG3BVQaQwc=
github.com/duckdb/duckdb-go-bindings/linux-arm64 v0.1.4/go.mod h1:TNsH31G/xSx4sgvTP7+wvP5a83fCNvt5Rv8BF2Bswn8=
github.com/duckdb/duckdb-go-bindings/windows-amd64 v0.1.4 h1:ZfzTnSnkZyngZRwxFbR1RUW9URXht0mwHoCR6/SaWqE=
github.com/duckdb/duckdb-go-bindings/windows-amd64 v0.1.4/go.mod h1:yghI/cr7VUFbXL7lUajj6FIfIjUUicSZKrLvSFeQZME=
github.com/frictionlessdata/tableschema-go v1.5.2 h1:zELnABwto2Q9/nB7EhEf8rDR/ju+CsDI+BhNg6Z0jU8=
github.com/frictionlessdata/tableschema-go v1.5.2/go.mod h1:B+DhLlwjCf6p6FqVkqpdYyAIy7L8jHCaxa2wFaqpYdc=
github.com/go-logr/logr v1.2.2/go.mod h1:jdQByPbusPIv2/zmleS9BjJVeZ6kBagPoEUsqbVz/1A=
github.com/go-logr/logr v1.4.1 h1:pKouT5E8xu9zeFC39JXRDukb6JFQPXM5p5I91188VAQ=
github.com/go-logr/logr v1.4.1/go.mod h1:9T104GzyrTigFIr8wt5mBrctHMim0Nb2HLGrmQ40KvY=
github.com/go-logr/stdr v1.2.2 h1:hSWxHoqTgW2S2qGc0LTAI563KZ5YKYRhT3MFKZMbjag=
github.com/go-logr/stdr v1.2.2/go.mod h1:mMo/vtBO5dYbehREoey6XUKy/eSumjCCveDpRre4VKE=
github.com/go-viper/mapstructure/v2 v2.2.1 h1:ZAaOCxANMuZx5RCeg0mBdEZk7DZasvvZIxtHqx8aGss=
github.com/go-viper/mapstructure/v2 v2.2.1/go.mod h1:oJDH3BJKyqBA2TXFhDsKDGDTlndYOZ6rGS0BRZIxGhM=
github.com/goccy/go-json v0.10.5 h1:Fq85nIqj+gXn/S5ahsiTlK3TmC85qgirsdTP/+DeaC4=
github.com/goccy/go-json v0.10.5/go.mod h1:oq7eo15ShAhp70Anwd5lgX2pLfOS3QCiwU/PULtXL6M=
github.com/golang-jwt/jwt v3.2.2+incompatible h1:IfV12K8xAKAnZqdXVzCZ+TOjboZ2keLg81eXfW3O+oY=
github.com/golang-jwt/jwt v3.2.2+incompatible/go.mod h1:8pz2t5EyA70fFQQSrl6XZXzqecmYZeUEB8OUGHkxJ+I=
github.com/golang-jwt/jwt/v5 v5.2.1 h1:OuVbFODueb089Lh128TAcimifWaLhJwVflnrgM17wHk=
github.com/golang-jwt/jwt/v5 v5.2.1/go.mod h1:pqrtFR0X4osieyHYxtmOUWsAWrfe1Q5UVIyoH402zdk=
github.com/golang-sql/civil v0.0.0-20220223132316-b832511892a9 h1:au07oEsX2xN0ktxqI+Sida1w446QrXBRJ0nee3SNZlA=
github.com/golang-sql/civil v0.0.0-20220223132316-b832511892a9/go.mod h1:8vg3r2VgvsThLBIFL93Qb5yWzgyZWhEmBwUJWevAkK0=
github.com/golang-sql/sqlexp v0.1.0 h1:ZCD6MBpcuOVfGVqsEmY5/4FtYiKz6tSyUv9LPEDei6A=
github.com/golang-sql/sqlexp v0.1.0/go.mod h1:J4ad9Vo8ZCWQ2GMrC4UCQy1JpCbwU9m3EOqtpKwwwHI=
github.com/google/flatbuffers v25.1.24+incompatible h1:4wPqL3K7GzBd1CwyhSd3usxLKOaJN/AC6puCca6Jm7o=
github.com/google/flatbuffers v25.1.24+incompatible/go.mod h1:1AeVuKshWv4vARoZatz6mlQ0JxURH0Kv5+zNeJKJCa8=
github.com/google/go-cmp v0.6.0 h1:ofyhxvXcZhMsU5ulbFiLKl/XBFqE1GSq7atu8tAmTRI=
github.com/google/go-cmp v0.6.0/go.mod h1:17dUlkBOakJ0+DkrSSNjCkIjxS6bF9zb3elmeNGIjoY=
github.com/google/uuid v1.6.0 h1:NIvaJDMOsjHA8n1jAhLSgzrAzy1Hgr+hNrb57e+94F0=
github.com/google/uuid v1.6.0/go.mod h1:TIyPZe4MgqvfeYDBFedMoGGpEw/LqOeaOT+nhxU+yHo=
github.com/keybase/go-keychain v0.0.0-20231219164618-57a3676c3af6 h1:IsMZxCuZqKuao2vNdfD82fjjgPLfyHLpR41Z88viRWs=
github.com/keybase/go-keychain v0.0.0-20231219164618-57a3676c3af6/go.mod h1:3VeWNIJaW+O5xpRQbPp0Ybqu1vJd/pm7s2F473HRrkw=
github.com/klauspost/compress v1.17.11 h1:In6xLpyWOi1+C7tXUUWv2ot1QvBjxevKAaI6IXrJmUc=
github.com/klauspost/compress v1.17.11/go.mod h1:pMDklpSncoRMuLFrf1W9Ss9KT+0rH90U12bZKk7uwG0=
github.com/klauspost/cpuid/v2 v2.2.9 h1:66ze0taIn2H33fBvCkXuv9BmCwDfafmiIVpKV9kKGuY=
github.com/klauspost/cpuid/v2 v2.2.9/go.mod h1:rqkxqrZ1EhYM9G+hXH7YdowN5R5RGN6NK4QwQ3WMXF8=
github.com/kr/pretty v0.3.1 h1:flRD4NNwYAUpkphVc1HcthR4KEIFJ65n8Mw5qdRn3LE=
github.com/kr/pretty v0.3.1/go.mod h1:hoEshYVHaxMs3cyo3Yncou5ZscifuDolrwPKZanG3xk=
github.com/kr/text v0.2.0 h1:5Nx0Ya0ZqY2ygV366QzturHI13Jq95ApcVaJBhpS+AY=
github.com/kr/text v0.2.0/go.mod h1:eLer722TekiGuMkidMxC/pM04lWEeraHUUmBw8l2grE=
github.com/kylelemons/godebug v1.1.0 h1:RPNrshWIDI6G2gRW9EHilWtl7Z6Sb1BR0xunSBf0SNc=
github.com/kylelemons/godebug v1.1.0/go.mod h1:9/0rRGxNHcop5bhtWyNeEfOS8JIWk580+fNqagV/RAw=
github.com/marcboeker/go-duckdb v1.8.5 h1:tkYp+TANippy0DaIOP5OEfBEwbUINqiFqgwMQ44jME0=
github.com/marcboeker/go-duckdb v1.8.5/go.mod h1:6mK7+WQE4P4u5AFLvVBmhFxY5fvhymFptghgJX6B+/8=
github.com/marcboeker/go-duckdb/arrowmapping v0.0.2 h1:IRmrgNguDBhAxHltUUOMxmw475w3+a+4zSuW3Hp2cgI=
github.com/marcboeker/go-duckdb/arrowmapping v0.0.2/go.mod h1:PAAKrQXofVkPpdKZkdZ17jylXpYVqL+IyOBiZfYbMHA=
github.com/marcboeker/go-duckdb/mapping v0.0.2 h1:or9JtATE2DTfUg0pWpw5MeiqiPYaXtAkwSPv+CvT+1Q=
github.com/marcboeker/go-duckdb/mapping v0.0.2/go.mod h1:qvGtwLtRtJht1OS3WsmpcarP1ALw/6FXt13B1bKQsPs=
github.com/marcboeker/go-duckdb/v2 v2.0.0 h1:8GVT8BkkAtysFh7LQUkE8biWO1+JR1LMd8b6HB41khM=
github.com/marcboeker/go-duckdb/v2 v2.0.0/go.mod h1:bWKdYiNtdWl2Tmi85Tkxz5tyvBzGMlrPTYHs0A/4RP8=
github.com/matryer/is v0.0.0-20170112134659-c0323ceb4e99 h1:cIAyXQXBuSY59PAN6nK4tnaeUcATlXS/GRNCKA1+JB0=
github.com/matryer/is v0.0.0-20170112134659-c0323ceb4e99/go.mod h1:2fLPjFQM9rhQ15aVEtbuwhJinnOqrmgXPNdZsdwlWXA=
github.com/microsoft/go-mssqldb v1.8.0 h1:7cyZ/AT7ycDsEoWPIXibd+aVKFtteUNhDGf3aobP+tw=
github.com/microsoft/go-mssqldb v1.8.0/go.mod h1:6znkekS3T2vp0waiMhen4GPU1BiAsrP+iXHcE7a7rFo=
github.com/microsoft/kiota-abstractions-go v1.8.1 h1:0gtK3KERmbKYm5AxJLZ8WPlNR9eACUGWuofFIa01PnA=
github.com/microsoft/kiota-abstractions-go v1.8.1/go.mod h1:YO2QCJyNM9wzvlgGLepw6s9XrPgNHODOYGVDCqQWdLI=
github.com/microsoft/kiota-authentication-azure-go v1.1.0 h1:HudH57Enel9zFQ4TEaJw6lMiyZ5RbBdrRHwdU0NP2RY=
github.com/microsoft/kiota-authentication-azure-go v1.1.0/go.mod h1:zfPFOiLdEqM77Hua5B/2vpcXrVaGqSWjHSRzlvAWEgc=
github.com/microsoft/kiota-http-go v1.4.4 h1:HM0KT/Q7o+JsGatFkkbTIqJL24Jzo5eMI5NNe9N4TQ4=
github.com/microsoft/kiota-http-go v1.4.4/go.mod h1:Kup5nMDD3a9sjdgRKHCqZWqtrv3FbprjcPaGjLR6FzM=
github.com/microsoft/kiota-serialization-form-go v1.0.0 h1:UNdrkMnLFqUCccQZerKjblsyVgifS11b3WCx+eFEsAI=
github.com/microsoft/kiota-serialization-form-go v1.0.0/go.mod h1:h4mQOO6KVTNciMF6azi1J9QB19ujSw3ULKcSNyXXOMA=
github.com/microsoft/kiota-serialization-json-go v1.0.9 h1:lJivec0G0tI6T8McBTnucyyYXczXytwcu1pt0UjWSBY=
github.com/microsoft/kiota-serialization-json-go v1.0.9/go.mod h1:AxrS/Gbmr8y/hIp2pJcpTup/2wCE8ED+VEXkf/9xKb4=
github.com/microsoft/kiota-serialization-multipart-go v1.0.0 h1:3O5sb5Zj+moLBiJympbXNaeV07K0d46IfuEd5v9+pBs=
github.com/microsoft/kiota-serialization-multipart-go v1.0.0/go.mod h1:yauLeBTpANk4L03XD985akNysG24SnRJGaveZf+p4so=
github.com/microsoft/kiota-serialization-text-go v1.0.0 h1:XOaRhAXy+g8ZVpcq7x7a0jlETWnWrEum0RhmbYrTFnA=
github.com/microsoft/kiota-serialization-text-go v1.0.0/go.mod h1:sM1/C6ecnQ7IquQOGUrUldaO5wj+9+v7G2W3sQ3fy6M=
github.com/microsoftgraph/msgraph-sdk-go v1.61.0 h1:/dqZXI7VAHTAeddhEfEPLf1EXszaDAkLcC9dkOARPxI=
github.com/microsoftgraph/msgraph-sdk-go v1.61.0/go.mod h1:2dZJTO/7S+UmfwKlPQg2vczpW7awcIEj1ZCgfZIf0V4=
github.com/microsoftgraph/msgraph-sdk-go-core v1.2.1 h1:P1wpmn3xxfPMFJHg+PJPcusErfRkl63h6OdAnpDbkS8=
github.com/microsoftgraph/msgraph-sdk-go-core v1.2.1/go.mod h1:vFmWQGWyLlhxCESNLv61vlE4qesBU+eWmEVH7DJSESA=
github.com/pelletier/go-toml/v2 v2.2.1 h1:9TA9+T8+8CUCO2+WYnDLCgrYi9+omqKXyjDtosvtEhg=
github.com/pelletier/go-toml/v2 v2.2.1/go.mod h1:1t835xjRzz80PqgE6HHgN2JOsmgYu/h4qDAS4n929Rs=
github.com/peterbourgon/ff/v4 v4.0.0-alpha.4 h1:aiqS8aBlF9PsAKeMddMSfbwp3smONCn3UO8QfUg0Z7Y=
github.com/peterbourgon/ff/v4 v4.0.0-alpha.4/go.mod h1:H/13DK46DKXy7EaIxPhk2Y0EC8aubKm35nBjBe8AAGc=
github.com/pierrec/lz4/v4 v4.1.22 h1:cKFw6uJDK+/gfw5BcDL0JL5aBsAFdsIT18eRtLj7VIU=
github.com/pierrec/lz4/v4 v4.1.22/go.mod h1:gZWDp/Ze/IJXGXf23ltt2EXimqmTUXEy0GFuRQyBid4=
github.com/pkg/browser v0.0.0-20240102092130-5ac0b6a4141c h1:+mdjkGKdHQG3305AYmdv1U2eRNDiU2ErMBj1gwrq8eQ=
github.com/pkg/browser v0.0.0-20240102092130-5ac0b6a4141c/go.mod h1:7rwL4CYBLnjLxUqIJNnCWiEdr3bn6IUYi15bNlnbCCU=
github.com/pmezard/go-difflib v1.0.0 h1:4DBwDE0NGyQoBHbLQYPwSUPoCMWR5BEzIk/f1lZbAQM=
github.com/pmezard/go-difflib v1.0.0/go.mod h1:iKH77koFhYxTK1pcRnkKkqfTogsbg7gZNVY4sRDYZ/4=
github.com/redis/go-redis/v9 v9.6.1 h1:HHDteefn6ZkTtY5fGUE8tj8uy85AHk6zP7CpzIAM0y4=
github.com/redis/go-redis/v9 v9.6.1/go.mod h1:0C0c6ycQsdpVNQpxb1njEQIqkx5UcsM8FJCQLgE9+RA=
github.com/redis/go-redis/v9 v9.7.0 h1:HhLSs+B6O021gwzl+locl0zEDnyNkxMtf/Z3NNBMa9E=
github.com/rogpeppe/go-internal v1.12.0 h1:exVL4IDcn6na9z1rAb56Vxr+CgyK3nn3O+epU5NdKM8=
github.com/rogpeppe/go-internal v1.12.0/go.mod h1:E+RYuTGaKKdloAfM02xzb0FW3Paa99yedzYV+kq4uf4=
github.com/rs/cors v1.11.1 h1:eU3gRzXLRK57F5rKMGMZURNdIG4EoAmX8k94r9wXWHA=
github.com/rs/cors v1.11.1/go.mod h1:XyqrcTp5zjWr1wsJ8PIRZssZ8b/WMcMf71DJnit4EMU=
github.com/satori/go.uuid v1.1.0 h1:B9KXyj+GzIpJbV7gmr873NsY6zpbxNy24CBtGrk7jHo=
github.com/satori/go.uuid v1.1.0/go.mod h1:dA0hQrYB0VpLJoorglMZABFdXlWrHn1NEOzdhQKdks0=
github.com/std-uritemplate/std-uritemplate/go/v2 v2.0.1 h1:/m2cTZHpqgofDsrwPqsASI6fSNMNhb+9EmUYtHEV2Uk=
github.com/std-uritemplate/std-uritemplate/go/v2 v2.0.1/go.mod h1:Z5KcoM0YLC7INlNhEezeIZ0TZNYf7WSNO0Lvah4DSeQ=
github.com/stretchr/objx v0.1.0/go.mod h1:HFkY916IF+rwdDfMAkV7OtwuqBVzrE8GR6GFx+wExME=
github.com/stretchr/objx v0.4.0/go.mod h1:YvHI0jy2hoMjB+UWwv71VJQ9isScKT/TqJzVSSt89Yw=
github.com/stretchr/objx v0.5.0/go.mod h1:Yh+to48EsGEfYuaHDzXPcE3xhTkx73EhmCGUpEOglKo=
github.com/stretchr/objx v0.5.2/go.mod h1:FRsXN1f5AsAjCGJKqEizvkpNtU+EGNCLh3NxZ/8L+MA=
github.com/stretchr/testify v1.7.1/go.mod h1:6Fq8oRcR53rry900zMqJjRRixrwX3KX962/h/Wwjteg=
github.com/stretchr/testify v1.8.0/go.mod h1:yNjHg4UonilssWZ8iaSj1OCr/vHnekPRkoO+kdMU+MU=
github.com/stretchr/testify v1.8.4/go.mod h1:sz/lmYIOXD/1dqDmKjjqLyZ2RngseejIcXlSw2iwfAo=
github.com/stretchr/testify v1.9.0/go.mod h1:r2ic/lqez/lEtzL7wO/rwa5dbSLXVDPFyf8C91i36aY=
github.com/stretchr/testify v1.10.0 h1:Xv5erBjTwe/5IxqUQTdXv5kgmIvbHo3QQyRwhJsOfJA=
github.com/stretchr/testify v1.10.0/go.mod h1:r2ic/lqez/lEtzL7wO/rwa5dbSLXVDPFyf8C91i36aY=
github.com/zeebo/xxh3 v1.0.2 h1:xZmwmqxHZA8AI603jOQ0tMqmBr9lPeFwGg6d+xy9DC0=
github.com/zeebo/xxh3 v1.0.2/go.mod h1:5NWz9Sef7zIDm2JHfFlcQvNekmcEl9ekUZQQKCYaDcA=
go.opentelemetry.io/otel v1.24.0 h1:0LAOdjNmQeSTzGBzduGe/rU4tZhMwL5rWgtp9Ku5Jfo=
go.opentelemetry.io/otel v1.24.0/go.mod h1:W7b9Ozg4nkF5tWI5zsXkaKKDjdVjpD4oAt9Qi/MArHo=
go.opentelemetry.io/otel/metric v1.24.0 h1:6EhoGWWK28x1fbpA4tYTOWBkPefTDQnb8WSGXlc88kI=
go.opentelemetry.io/otel/metric v1.24.0/go.mod h1:VYhLe1rFfxuTXLgj4CBiyz+9WYBA8pNGJgDcSFRKBco=
go.opentelemetry.io/otel/trace v1.24.0 h1:CsKnnL4dUAr/0llH9FKuc698G04IrpWV0MQA/Y1YELI=
go.opentelemetry.io/otel/trace v1.24.0/go.mod h1:HPc3Xr/cOApsBI154IU0OI0HJexz+aw5uPdbs3UCjNU=
golang.org/x/crypto v0.33.0 h1:IOBPskki6Lysi0lo9qQvbxiQ+FvsCC/YWOecCHAixus=
golang.org/x/crypto v0.33.0/go.mod h1:bVdXmD7IV/4GdElGPozy6U7lWdRXA4qyRVGJV57uQ5M=
golang.org/x/exp v0.0.0-20250128182459-e0ece0dbea4c h1:KL/ZBHXgKGVmuZBZ01Lt57yE5ws8ZPSkkihmEyq7FXc=
golang.org/x/exp v0.0.0-20250128182459-e0ece0dbea4c/go.mod h1:tujkw807nyEEAamNbDrEGzRav+ilXA7PCRAd6xsmwiU=
golang.org/x/mod v0.22.0 h1:D4nJWe9zXqHOmWqj4VMOJhvzj7bEZg4wEYa759z1pH4=
golang.org/x/mod v0.22.0/go.mod h1:6SkKJ3Xj0I0BrPOZoBy3bdMptDDU9oJrpohJ3eWZ1fY=
golang.org/x/net v0.35.0 h1:T5GQRQb2y08kTAByq9L4/bz8cipCdA8FbRTXewonqY8=
golang.org/x/net v0.35.0/go.mod h1:EglIi67kWsHKlRzzVMUD93VMSWGFOMSZgxFjparz1Qk=
golang.org/x/sync v0.11.0 h1:GGz8+XQP4FvTTrjZPzNKTMFtSXH80RAzG+5ghFPgK9w=
golang.org/x/sync v0.11.0/go.mod h1:Czt+wKu1gCyEFDUtn0jG5QVvpJ6rzVqr5aXyt9drQfk=
golang.org/x/sys v0.1.0/go.mod h1:oPkhp1MJrh7nUepCBck5+mAzfO9JrbApNNgaTdGDITg=
golang.org/x/sys v0.30.0 h1:QjkSwP/36a20jFYWkSue1YwXzLmsV5Gfq7Eiy72C1uc=
golang.org/x/sys v0.30.0/go.mod h1:/VUhepiaJMQUp4+oa/7Zr1D23ma6VTLIYjOOTFZPUcA=
golang.org/x/text v0.22.0 h1:bofq7m3/HAFvbF51jz3Q9wLg3jkvSPuiZu/pD1XwgtM=
golang.org/x/text v0.22.0/go.mod h1:YRoo4H8PVmsu+E3Ou7cqLVH8oXWIHVoX0jqUWALQhfY=
golang.org/x/tools v0.29.0 h1:Xx0h3TtM9rzQpQuR4dKLrdglAmCEN5Oi+P74JdhdzXE=
golang.org/x/tools v0.29.0/go.mod h1:KMQVMRsVxU6nHCFXrBPhDB8XncLNLM0lIy/F14RP588=
golang.org/x/xerrors v0.0.0-20240903120638-7835f813f4da h1:noIWHXmPHxILtqtCOPIhSt0ABwskkZKjD3bXGnZGpNY=
golang.org/x/xerrors v0.0.0-20240903120638-7835f813f4da/go.mod h1:NDW/Ps6MPRej6fsCIbMTohpP40sJ/P/vI1MoTEGwX90=
google.golang.org/protobuf v1.36.3 h1:82DV7MYdb8anAVi3qge1wSnMDrnKK7ebr+I0hHRN1BU=
google.golang.org/protobuf v1.36.3/go.mod h1:9fA7Ob0pmnwhb644+1+CVWFRbNajQ6iRojtC/QF5bRE=
gopkg.in/check.v1 v0.0.0-20161208181325-20d25e280405/go.mod h1:Co6ibVJAznAaIkqp8huTwlJQCZ016jof/cbN4VW5Yz0=
gopkg.in/check.v1 v1.0.0-20201130134442-10cb98267c6c h1:Hei/4ADfdWqJk1ZMxUNpqntNwaWcugrBjAiHlqqRiVk=
gopkg.in/check.v1 v1.0.0-20201130134442-10cb98267c6c/go.mod h1:JHkPIbrfpd72SG/EVd6muEfDQjcINNoR0C8j2r3qZ4Q=
gopkg.in/yaml.v2 v2.4.0 h1:D8xgwECY7CYvx+Y2n4sBz93Jn9JRvxdiyyo8CTfuKaY=
gopkg.in/yaml.v2 v2.4.0/go.mod h1:RDklbk79AGWmwhnvt/jBztapEOGDOx6ZbXqjP6csGnQ=
gopkg.in/yaml.v3 v3.0.0-20200313102051-9f266ea9e77c/go.mod h1:K4uyk7z7BCEPqu6E+C64Yfv1cQ7kz7rIZviUmN+EgEM=
gopkg.in/yaml.v3 v3.0.1 h1:fxVm/GzAzEWqLHuvctI91KS9hhNmmWOoWu0XTYJS7CA=
gopkg.in/yaml.v3 v3.0.1/go.mod h1:K4uyk7z7BCEPqu6E+C64Yfv1cQ7kz7rIZviUmN+EgEM=
